
Microsoft Visual Studio Solution File, Format Version 12.00
# Visual Studio Version 17
VisualStudioVersion = 17.14.37328.6
MinimumVisualStudioVersion = 10.0.40219.1
Project("{8BC9CEB8-8B4A-11D0-8D11-00A0C91BC942}") = "CustomLib", "CustomLib\CustomLib.vcxproj", "{1EE24A2B-7910-4D50-8BB9-FBD63FAFDF62}"
EndProject
Project("{2150E333-8FDC-42A3-9474-1A3956D46DE8}") = "Library", "Library", "{02EA681E-C7D8-13C7-8484-4AC65E1B71E8}"
EndProject
Project("{2150E333-8FDC-42A3-9474-1A3956D46DE8}") = "Exercises", "Exercises", "{B44C92AB-F637-4040-BFA7-76F67ED094CE}"
EndProject
Project("{2150E333-8FDC-42A3-9474-1A3956D46DE8}") = "Assignments", "Assignments", "{7E46E858-447F-4E7B-B7E9-79C714E890E3}"
EndProject
Project("{8BC9CEB8-8B4A-11D0-8D11-00A0C91BC942}") = "ArrayAndVectors", "ArrayAndVectors\ArrayAndVectors.vcxproj", "{1B388D48-3796-4CFC-842B-83C26CB0A258}"
EndProject
Project("{8BC9CEB8-8B4A-11D0-8D11-00A0C91BC942}") = "Assignment1", "Assignment1\Assignment1.vcxproj", "{82BE2F54-2414-4182-B6C5-18C3B66194FF}"
EndProject
Project("{8BC9CEB8-8B4A-11D0-8D11-00A0C91BC942}") = "IteratorsAndPriorityQueue", "IteratorsAndPriorityQueue\IteratorsAndPriorityQueue.vcxproj", "{EE1B847D-11F1-469D-ABFD-32352FEF84FA}"
EndProject
Project("{8BC9CEB8-8B4A-11D0-8D11-00A0C91BC942}") = "Assignment2", "Assignment2\Assignment2.vcxproj", "{F141E793-B2C7-4E30-BD54-4D452D362356}"
EndProject
Project("{8BC9CEB8-8B4A-11D0-8D11-00A0C91BC942}") = "KDTree", "KDTree\KDTree.vcxproj", "{160194B9-344A-428B-AEEA-9F9141E46451}"
EndProject
Project("{8BC9CEB8-8B4A-11D0-8D11-00A0C91BC942}") = "Assignment3", "Assignment3\Assignment3.vcxproj", "{A5742985-FBF1-428B-9037-75890EE110B6}"
EndProject
Project("{8BC9CEB8-8B4A-11D0-8D11-00A0C91BC942}") = "SortingAndUnorderedMap", "SortingAndUnorderedMap\SortingAndUnorderedMap.vcxproj", "{4E49F3B4-381C-47ED-BA7E-0F647FB254B4}"
EndProject
Project("{8BC9CEB8-8B4A-11D0-8D11-00A0C91BC942}") = "Assignment4", "Assignment4\Assignment4.vcxproj", "{F6997A71-6BA4-4616-90C1-BADCB503DF80}"
EndProject
Project("{8BC9CEB8-8B4A-11D0-8D11-00A0C91BC942}") = "Maps", "Maps\Maps.vcxproj", "{EF893A83-3DF6-4FCE-B899-308DED3A641E}"
EndProject
Project("{8BC9CEB8-8B4A-11D0-8D11-00A0C91BC942}") = "Assignment5", "Assignemnt5\Assignemnt5.vcxproj", "{949E1A14-86FB-47AD-843F-634938AA9581}"
EndProject
Project("{8BC9CEB8-8B4A-11D0-8D11-00A0C91BC942}") = "Assignment6", "Assignment6\Assignment6.vcxproj", "{26C12B03-4D76-4400-A890-655E318431D1}"
EndProject
Global
	GlobalSection(SolutionConfigurationPlatforms) = preSolution
		Debug|x64 = Debug|x64
		Debug|x86 = Debug|x86
		Release|x64 = Release|x64
		Release|x86 = Release|x86
	EndGlobalSection
	GlobalSection(ProjectConfigurationPlatforms) = postSolution
		{1EE24A2B-7910-4D50-8BB9-FBD63FAFDF62}.Debug|x64.ActiveCfg = Debug|x64
		{1EE24A2B-7910-4D50-8BB9-FBD63FAFDF62}.Debug|x64.Build.0 = Debug|x64
		{1EE24A2B-7910-4D50-8BB9-FBD63FAFDF62}.Debug|x86.ActiveCfg = Debug|Win32
		{1EE24A2B-7910-4D50-8BB9-FBD63FAFDF62}.Debug|x86.Build.0 = Debug|Win32
		{1EE24A2B-7910-4D50-8BB9-FBD63FAFDF62}.Release|x64.ActiveCfg = Release|x64
		{1EE24A2B-7910-4D50-8BB9-FBD63FAFDF62}.Release|x64.Build.0 = Release|x64
		{1EE24A2B-7910-4D50-8BB9-FBD63FAFDF62}.Release|x86.ActiveCfg = Release|Win32
		{1EE24A2B-7910-4D50-8BB9-FBD63FAFDF62}.Release|x86.Build.0 = Release|Win32
		{1B388D48-3796-4CFC-842B-83C26CB0A258}.Debug|x64.ActiveCfg = Debug|x64
		{1B388D48-3796-4CFC-842B-83C26CB0A258}.Debug|x64.Build.0 = Debug|x64
		{1B388D48-3796-4CFC-842B-83C26CB0A258}.Debug|x86.ActiveCfg = Debug|Win32
		{1B388D48-3796-4CFC-842B-83C26CB0A258}.Debug|x86.Build.0 = Debug|Win32
		{1B388D48-3796-4CFC-842B-83C26CB0A258}.Release|x64.ActiveCfg = Release|x64
		{1B388D48-3796-4CFC-842B-83C26CB0A258}.Release|x64.Build.0 = Release|x64
		{1B388D48-3796-4CFC-842B-83C26CB0A258}.Release|x86.ActiveCfg = Release|Win32
		{1B388D48-3796-4CFC-842B-83C26CB0A258}.Release|x86.Build.0 = Release|Win32
		{82BE2F54-2414-4182-B6C5-18C3B66194FF}.Debug|x64.ActiveCfg = Debug|x64
		{82BE2F54-2414-4182-B6C5-18C3B66194FF}.Debug|x64.Build.0 = Debug|x64
		{82BE2F54-2414-4182-B6C5-18C3B66194FF}.Debug|x86.ActiveCfg = Debug|Win32
		{82BE2F54-2414-4182-B6C5-18C3B66194FF}.Debug|x86.Build.0 = Debug|Win32
		{82BE2F54-2414-4182-B6C5-18C3B66194FF}.Release|x64.ActiveCfg = Release|x64
		{82BE2F54-2414-4182-B6C5-18C3B66194FF}.Release|x64.Build.0 = Release|x64
		{82BE2F54-2414-4182-B6C5-18C3B66194FF}.Release|x86.ActiveCfg = Release|Win32
		{82BE2F54-2414-4182-B6C5-18C3B66194FF}.Release|x86.Build.0 = Release|Win32
		{EE1B847D-11F1-469D-ABFD-32352FEF84FA}.Debug|x64.ActiveCfg = Debug|x64
		{EE1B847D-11F1-469D-ABFD-32352FEF84FA}.Debug|x64.Build.0 = Debug|x64
		{EE1B847D-11F1-469D-ABFD-32352FEF84FA}.Debug|x86.ActiveCfg = Debug|Win32
		{EE1B847D-11F1-469D-ABFD-32352FEF84FA}.Debug|x86.Build.0 = Debug|Win32
		{EE1B847D-11F1-469D-ABFD-32352FEF84FA}.Release|x64.ActiveCfg = Release|x64
		{EE1B847D-11F1-469D-ABFD-32352FEF84FA}.Release|x64.Build.0 = Release|x64
		{EE1B847D-11F1-469D-ABFD-32352FEF84FA}.Release|x86.ActiveCfg = Release|Win32
		{EE1B847D-11F1-469D-ABFD-32352FEF84FA}.Release|x86.Build.0 = Release|Win32
		{F141E793-B2C7-4E30-BD54-4D452D362356}.Debug|x64.ActiveCfg = Debug|x64
		{F141E793-B2C7-4E30-BD54-4D452D362356}.Debug|x64.Build.0 = Debug|x64
		{F141E793-B2C7-4E30-BD54-4D452D362356}.Debug|x86.ActiveCfg = Debug|Win32
		{F141E793-B2C7-4E30-BD54-4D452D362356}.Debug|x86.Build.0 = Debug|Win32
		{F141E793-B2C7-4E30-BD54-4D452D362356}.Release|x64.ActiveCfg = Release|x64
		{F141E793-B2C7-4E30-BD54-4D452D362356}.Release|x64.Build.0 = Release|x64
		{F141E793-B2C7-4E30-BD54-4D452D362356}.Release|x86.ActiveCfg = Release|Win32
		{F141E793-B2C7-4E30-BD54-4D452D362356}.Release|x86.Build.0 = Release|Win32
		{160194B9-344A-428B-AEEA-9F9141E46451}.Debug|x64.ActiveCfg = Debug|x64
		{160194B9-344A-428B-AEEA-9F9141E46451}.Debug|x64.Build.0 = Debug|x64
		{160194B9-344A-428B-AEEA-9F9141E46451}.Debug|x86.ActiveCfg = Debug|Win32
		{160194B9-344A-428B-AEEA-9F9141E46451}.Debug|x86.Build.0 = Debug|Win32
		{160194B9-344A-428B-AEEA-9F9141E46451}.Release|x64.ActiveCfg = Release|x64
		{160194B9-344A-428B-AEEA-9F9141E46451}.Release|x64.Build.0 = Release|x64
		{160194B9-344A-428B-AEEA-9F9141E46451}.Release|x86.ActiveCfg = Release|Win32
		{160194B9-344A-428B-AEEA-9F9141E46451}.Release|x86.Build.0 = Release|Win32
		{A5742985-FBF1-428B-9037-75890EE110B6}.Debug|x64.ActiveCfg = Debug|x64
		{A5742985-FBF1-428B-9037-75890EE110B6}.Debug|x64.Build.0 = Debug|x64
		{A5742985-FBF1-428B-9037-75890EE110B6}.Debug|x86.ActiveCfg = Debug|Win32
		{A5742985-FBF1-428B-9037-75890EE110B6}.Debug|x86.Build.0 = Debug|Win32
		{A5742985-FBF1-428B-9037-75890EE110B6}.Release|x64.ActiveCfg = Release|x64
		{A5742985-FBF1-428B-9037-75890EE110B6}.Release|x64.Build.0 = Release|x64
		{A5742985-FBF1-428B-9037-75890EE110B6}.Release|x86.ActiveCfg = Release|Win32
		{A5742985-FBF1-428B-9037-75890EE110B6}.Release|x86.Build.0 = Release|Win32
		{4E49F3B4-381C-47ED-BA7E-0F647FB254B4}.Debug|x64.ActiveCfg = Debug|x64
		{4E49F3B4-381C-47ED-BA7E-0F647FB254B4}.Debug|x64.Build.0 = Debug|x64
		{4E49F3B4-381C-47ED-BA7E-0F647FB254B4}.Debug|x86.ActiveCfg = Debug|Win32
		{4E49F3B4-381C-47ED-BA7E-0F647FB254B4}.Debug|x86.Build.0 = Debug|Win32
		{4E49F3B4-381C-47ED-BA7E-0F647FB254B4}.Release|x64.ActiveCfg = Release|x64
		{4E49F3B4-381C-47ED-BA7E-0F647FB254B4}.Release|x64.Build.0 = Release|x64
		{4E49F3B4-381C-47ED-BA7E-0F647FB254B4}.Release|x86.ActiveCfg = Release|Win32
		{4E49F3B4-381C-47ED-BA7E-0F647FB254B4}.Release|x86.Build.0 = Release|Win32
		{F6997A71-6BA4-4616-90C1-BADCB503DF80}.Debug|x64.ActiveCfg = Debug|x64
		{F6997A71-6BA4-4616-90C1-BADCB503DF80}.Debug|x64.Build.0 = Debug|x64
		{F6997A71-6BA4-4616-90C1-BADCB503DF80}.Debug|x86.ActiveCfg = Debug|Win32
		{F6997A71-6BA4-4616-90C1-BADCB503DF80}.Debug|x86.Build.0 = Debug|Win32
		{F6997A71-6BA4-4616-90C1-BADCB503DF80}.Release|x64.ActiveCfg = Release|x64
		{F6997A71-6BA4-4616-90C1-BADCB503DF80}.Release|x64.Build.0 = Release|x64
		{F6997A71-6BA4-4616-90C1-BADCB503DF80}.Release|x86.ActiveCfg = Release|Win32
		{F6997A71-6BA4-4616-90C1-BADCB503DF80}.Release|x86.Build.0 = Release|Win32
		{EF893A83-3DF6-4FCE-B899-308DED3A641E}.Debug|x64.ActiveCfg = Debug|x64
		{EF893A83-3DF6-4FCE-B899-308DED3A641E}.Debug|x64.Build.0 = Debug|x64
		{EF893A83-3DF6-4FCE-B899-308DED3A641E}.Debug|x86.ActiveCfg = Debug|Win32
		{EF893A83-3DF6-4FCE-B899-308DED3A641E}.Debug|x86.Build.0 = Debug|Win32
		{EF893A83-3DF6-4FCE-B899-308DED3A641E}.Release|x64.ActiveCfg = Release|x64
		{EF893A83-3DF6-4FCE-B899-308DED3A641E}.Release|x64.Build.0 = Release|x64
		{EF893A83-3DF6-4FCE-B899-308DED3A641E}.Release|x86.ActiveCfg = Release|Win32
		{EF893A83-3DF6-4FCE-B899-308DED3A641E}.Release|x86.Build.0 = Release|Win32
		{949E1A14-86FB-47AD-843F-634938AA9581}.Debug|x64.ActiveCfg = Debug|x64
		{949E1A14-86FB-47AD-843F-634938AA9581}.Debug|x64.Build.0 = Debug|x64
		{949E1A14-86FB-47AD-843F-634938AA9581}.Debug|x86.ActiveCfg = Debug|Win32
		{949E1A14-86FB-47AD-843F-634938AA9581}.Debug|x86.Build.0 = Debug|Win32
		{949E1A14-86FB-47AD-843F-634938AA9581}.Release|x64.ActiveCfg = Release|x64
		{949E1A14-86FB-47AD-843F-634938AA9581}.Release|x64.Build.0 = Release|x64
		{949E1A14-86FB-47AD-843F-634938AA9581}.Release|x86.ActiveCfg = Release|Win32
		{949E1A14-86FB-47AD-843F-634938AA9581}.Release|x86.Build.0 = Release|Win32
		{26C12B03-4D76-4400-A890-655E318431D1}.Debug|x64.ActiveCfg = Debug|x64
		{26C12B03-4D76-4400-A890-655E318431D1}.Debug|x64.Build.0 = Debug|x64
		{26C12B03-4D76-4400-A890-655E318431D1}.Debug|x86.ActiveCfg = Debug|Win32
		{26C12B03-4D76-4400-A890-655E318431D1}.Debug|x86.Build.0 = Debug|Win32
		{26C12B03-4D76-4400-A890-655E318431D1}.Release|x64.ActiveCfg = Release|x64
		{26C12B03-4D76-4400-A890-655E318431D1}.Release|x64.Build.0 = Release|x64
		{26C12B03-4D76-4400-A890-655E318431D1}.Release|x86.ActiveCfg = Release|Win32
		{26C12B03-4D76-4400-A890-655E318431D1}.Release|x86.Build.0 = Release|Win32
	EndGlobalSection
	GlobalSection(SolutionProperties) = preSolution
		HideSolutionNode = FALSE
	EndGlobalSection
	GlobalSection(NestedProjects) = preSolution
		{1EE24A2B-7910-4D50-8BB9-FBD63FAFDF62} = {02EA681E-C7D8-13C7-8484-4AC65E1B71E8}
		{1B388D48-3796-4CFC-842B-83C26CB0A258} = {B44C92AB-F637-4040-BFA7-76F67ED094CE}
		{82BE2F54-2414-4182-B6C5-18C3B66194FF} = {7E46E858-447F-4E7B-B7E9-79C714E890E3}
		{EE1B847D-11F1-469D-ABFD-32352FEF84FA} = {B44C92AB-F637-4040-BFA7-76F67ED094CE}
		{F141E793-B2C7-4E30-BD54-4D452D362356} = {7E46E858-447F-4E7B-B7E9-79C714E890E3}
		{160194B9-344A-428B-AEEA-9F9141E46451} = {B44C92AB-F637-4040-BFA7-76F67ED094CE}
		{A5742985-FBF1-428B-9037-75890EE110B6} = {7E46E858-447F-4E7B-B7E9-79C714E890E3}
		{4E49F3B4-381C-47ED-BA7E-0F647FB254B4} = {B44C92AB-F637-4040-BFA7-76F67ED094CE}
		{F6997A71-6BA4-4616-90C1-BADCB503DF80} = {7E46E858-447F-4E7B-B7E9-79C714E890E3}
		{EF893A83-3DF6-4FCE-B899-308DED3A641E} = {B44C92AB-F637-4040-BFA7-76F67ED094CE}
		{949E1A14-86FB-47AD-843F-634938AA9581} = {7E46E858-447F-4E7B-B7E9-79C714E890E3}
		{26C12B03-4D76-4400-A890-655E318431D1} = {7E46E858-447F-4E7B-B7E9-79C714E890E3}
	EndGlobalSection
	GlobalSection(ExtensibilityGlobals) = postSolution
		SolutionGuid = {ECBA1DD1-40AB-4A24-9B67-5CC4038A4014}
	EndGlobalSection
EndGlobal
